{
  "requires": true,
  "lockfileVersion": 1,
  "dependencies": {
    "iwanthue": {
      "version": "1.3.0",
      "resolved": "https://registry.npmjs.org/iwanthue/-/iwanthue-1.3.0.tgz",
      "integrity": "sha512-Q/Dw/KDFMIvs+gVMv46gM7wUkmLdQkyTOHXgrJwn/SAvSe2vfaCETOHpiuaGaKSbmqKZdmGNHgTN8Rk+xIuxqg=="
    }
  }
}
